// !$*UTF8*$!
{
	archiveVersion = 1;
	classes = {
	};
	objectVersion = 45;
	objects = {

/* Begin PBXBuildFile section */
		1D3623260D0F684500981E51 /* FailedBanksAppDelegate.m in Sources */ = {isa = PBXBuildFile; fileRef = 1D3623250D0F684500981E51 /* FailedBanksAppDelegate.m */; };
		1D60589B0D05DD56006BFB54 /* main.m in Sources */ = {isa = PBXBuildFile; fileRef = 29B97316FDCFA39411CA2CEA /* main.m */; };
		1D60589F0D05DD5A006BFB54 /* Foundation.framework in Frameworks */ = {isa = PBXBuildFile; fileRef = 1D30AB110D05D00D00671497 /* Foundation.framework */; };
		1DF5F4E00D08C38300B7A737 /* UIKit.framework in Frameworks */ = {isa = PBXBuildFile; fileRef = 1DF5F4DF0D08C38300B7A737 /* UIKit.framework */; };
		288765FD0DF74451002DB57D /* CoreGraphics.framework in Frameworks */ = {isa = PBXBuildFile; fileRef = 288765FC0DF74451002DB57D /* CoreGraphics.framework */; };
		28AD733F0D9D9553002E5188 /* MainWindow.xib in Resources */ = {isa = PBXBuildFile; fileRef = 28AD733E0D9D9553002E5188 /* MainWindow.xib */; };
		2F7525F813E99DC60054722B /* libsqlite3.dylib in Frameworks */ = {isa = PBXBuildFile; fileRef = 2F7525F713E99DC60054722B /* libsqlite3.dylib */; };
		2F7525FA13E99E2E0054722B /* banklist.sqlite3 in Resources */ = {isa = PBXBuildFile; fileRef = 2F7525F913E99E2E0054722B /* banklist.sqlite3 */; };
		2F7525FD13E99F110054722B /* FailedBankInfo.m in Sources */ = {isa = PBXBuildFile; fileRef = 2F7525FC13E99F110054722B /* FailedBankInfo.m */; };
		2F75260313E9A2B70054722B /* FailedBankDatabase.m in Sources */ = {isa = PBXBuildFile; fileRef = 2F75260213E9A2B70054722B /* FailedBankDatabase.m */; };
		2F75260913E9B0150054722B /* FailedBanksListViewController.m in Sources */ = {isa = PBXBuildFile; fileRef = 2F75260813E9B0150054722B /* FailedBanksListViewController.m */; };
		2F75267F13E9D0520054722B /* FailedBanksDetailViewController.xib in Resources */ = {isa = PBXBuildFile; fileRef = 2F75267D13E9D0520054722B /* FailedBanksDetailViewController.xib */; };
		2F9FEC2F13FAED2700EE6117 /* demoDB.sqlite in Resources */ = {isa = PBXBuildFile; fileRef = 2F9FEC2E13FAED2700EE6117 /* demoDB.sqlite */; };
		2F9FECB613FAF55F00EE6117 /* demoDB.sqlite3 in Resources */ = {isa = PBXBuildFile; fileRef = 2F9FECB513FAF55F00EE6117 /* demoDB.sqlite3 */; };
		2F9FECEF13FAFDC300EE6117 /* new.sqlite in Resources */ = {isa = PBXBuildFile; fileRef = 2F9FECEE13FAFDC300EE6117 /* new.sqlite */; };
		2FA4BF6C13FA80A300EA07E0 /* testDB in Resources */ = {isa = PBXBuildFile; fileRef = 2FA4BF6B13FA80A300EA07E0 /* testDB */; };
		2FA4BF7113FA847B00EA07E0 /* dbtest.sqlite in Resources */ = {isa = PBXBuildFile; fileRef = 2FA4BF7013FA847B00EA07E0 /* dbtest.sqlite */; };
		2FA4BF7E13FA86EF00EA07E0 /* dbtest_20.sqlite3 in Resources */ = {isa = PBXBuildFile; fileRef = 2FA4BF7D13FA86EF00EA07E0 /* dbtest_20.sqlite3 */; };
/* End PBXBuildFile section */

/* Begin PBXFileReference section */
		1D30AB110D05D00D00671497 /* Foundation.framework */ = {isa = PBXFileReference; lastKnownFileType = wrapper.framework; name = Foundation.framework; path = System/Library/Frameworks/Foundation.framework; sourceTree = SDKROOT; };
		1D3623240D0F684500981E51 /* FailedBanksAppDelegate.h */ = {isa = PBXFileReference; fileEncoding = 4; lastKnownFileType = sourcecode.c.h; path = FailedBanksAppDelegate.h; sourceTree = "<group>"; };
		1D3623250D0F684500981E51 /* FailedBanksAppDelegate.m */ = {isa = PBXFileReference; fileEncoding = 4; lastKnownFileType = sourcecode.c.objc; path = FailedBanksAppDelegate.m; sourceTree = "<group>"; };
		1D6058910D05DD3D006BFB54 /* FailedBanks.app */ = {isa = PBXFileReference; explicitFileType = wrapper.application; includeInIndex = 0; path = FailedBanks.app; sourceTree = BUILT_PRODUCTS_DIR; };
		1DF5F4DF0D08C38300B7A737 /* UIKit.framework */ = {isa = PBXFileReference; lastKnownFileType = wrapper.framework; name = UIKit.framework; path = System/Library/Frameworks/UIKit.framework; sourceTree = SDKROOT; };
		288765FC0DF74451002DB57D /* CoreGraphics.framework */ = {isa = PBXFileReference; lastKnownFileType = wrapper.framework; name = CoreGraphics.framework; path = System/Library/Frameworks/CoreGraphics.framework; sourceTree = SDKROOT; };
		28AD733E0D9D9553002E5188 /* MainWindow.xib */ = {isa = PBXFileReference; lastKnownFileType = file.xib; path = MainWindow.xib; sourceTree = "<group>"; };
		29B97316FDCFA39411CA2CEA /* main.m */ = {isa = PBXFileReference; fileEncoding = 4; lastKnownFileType = sourcecode.c.objc; path = main.m; sourceTree = "<group>"; };
		2F7525F713E99DC60054722B /* libsqlite3.dylib */ = {isa = PBXFileReference; lastKnownFileType = "compiled.mach-o.dylib"; name = libsqlite3.dylib; path = usr/lib/libsqlite3.dylib; sourceTree = SDKROOT; };
		2F7525F913E99E2E0054722B /* banklist.sqlite3 */ = {isa = PBXFileReference; lastKnownFileType = file; path = banklist.sqlite3; sourceTree = "<group>"; };
		2F7525FB13E99F110054722B /* FailedBankInfo.h */ = {isa = PBXFileReference; fileEncoding = 4; lastKnownFileType = sourcecode.c.h; path = FailedBankInfo.h; sourceTree = "<group>"; };
		2F7525FC13E99F110054722B /* FailedBankInfo.m */ = {isa = PBXFileReference; fileEncoding = 4; lastKnownFileType = sourcecode.c.objc; path = FailedBankInfo.m; sourceTree = "<group>"; };
		2F75260113E9A2B70054722B /* FailedBankDatabase.h */ = {isa = PBXFileReference; fileEncoding = 4; lastKnownFileType = sourcecode.c.h; path = FailedBankDatabase.h; sourceTree = "<group>"; };
		2F75260213E9A2B70054722B /* FailedBankDatabase.m */ = {isa = PBXFileReference; fileEncoding = 4; lastKnownFileType = sourcecode.c.objc; path = FailedBankDatabase.m; sourceTree = "<group>"; };
		2F75260713E9B0150054722B /* FailedBanksListViewController.h */ = {isa = PBXFileReference; fileEncoding = 4; lastKnownFileType = sourcecode.c.h; path = FailedBanksListViewController.h; sourceTree = "<group>"; };
		2F75260813E9B0150054722B /* FailedBanksListViewController.m */ = {isa = PBXFileReference; fileEncoding = 4; lastKnownFileType = sourcecode.c.objc; path = FailedBanksListViewController.m; sourceTree = "<group>"; };
		2F75267D13E9D0520054722B /* FailedBanksDetailViewController.xib */ = {isa = PBXFileReference; lastKnownFileType = file.xib; name = FailedBanksDetailViewController.xib; path = Classes/FailedBanksDetailViewController.xib; sourceTree = "<group>"; };
		2F9FEC2E13FAED2700EE6117 /* demoDB.sqlite */ = {isa = PBXFileReference; lastKnownFileType = file; path = demoDB.sqlite; sourceTree = "<group>"; };
		2F9FECB513FAF55F00EE6117 /* demoDB.sqlite3 */ = {isa = PBXFileReference; lastKnownFileType = file; path = demoDB.sqlite3; sourceTree = "<group>"; };
		2F9FECEE13FAFDC300EE6117 /* new.sqlite */ = {isa = PBXFileReference; lastKnownFileType = file; path = new.sqlite; sourceTree = "<group>"; };
		2FA4BF6B13FA80A300EA07E0 /* testDB */ = {isa = PBXFileReference; lastKnownFileType = file; path = testDB; sourceTree = "<group>"; };
		2FA4BF7013FA847B00EA07E0 /* dbtest.sqlite */ = {isa = PBXFileReference; lastKnownFileType = file; path = dbtest.sqlite; sourceTree = "<group>"; };
		2FA4BF7D13FA86EF00EA07E0 /* dbtest_20.sqlite3 */ = {isa = PBXFileReference; lastKnownFileType = file; path = dbtest_20.sqlite3; sourceTree = "<group>"; };
		32CA4F630368D1EE00C91783 /* FailedBanks_Prefix.pch */ = {isa = PBXFileReference; fileEncoding = 4; lastKnownFileType = sourcecode.c.h; path = FailedBanks_Prefix.pch; sourceTree = "<group>"; };
		8D1107310486CEB800E47090 /* FailedBanks-Info.plist */ = {isa = PBXFileReference; fileEncoding = 4; lastKnownFileType = text.plist.xml; path = "FailedBanks-Info.plist"; plistStructureDefinitionIdentifier = "com.apple.xcode.plist.structure-definition.iphone.info-plist"; sourceTree = "<group>"; };
/* End PBXFileReference section */

/* Begin PBXFrameworksBuildPhase section */
		1D60588F0D05DD3D006BFB54 /* Frameworks */ = {
			isa = PBXFrameworksBuildPhase;
			buildActionMask = 2147483647;
			files = (
				1D60589F0D05DD5A006BFB54 /* Foundation.framework in Frameworks */,
				1DF5F4E00D08C38300B7A737 /* UIKit.framework in Frameworks */,
				288765FD0DF74451002DB57D /* CoreGraphics.framework in Frameworks */,
				2F7525F813E99DC60054722B /* libsqlite3.dylib in Frameworks */,
			);
			runOnlyForDeploymentPostprocessing = 0;
		};
/* End PBXFrameworksBuildPhase section */

/* Begin PBXGroup section */
		080E96DDFE201D6D7F000001 /* Classes */ = {
			isa = PBXGroup;
			children = (
				1D3623240D0F684500981E51 /* FailedBanksAppDelegate.h */,
				1D3623250D0F684500981E51 /* FailedBanksAppDelegate.m */,
				2F7525FB13E99F110054722B /* FailedBankInfo.h */,
				2F7525FC13E99F110054722B /* FailedBankInfo.m */,
				2F75260113E9A2B70054722B /* FailedBankDatabase.h */,
				2F75260213E9A2B70054722B /* FailedBankDatabase.m */,
				2F75260713E9B0150054722B /* FailedBanksListViewController.h */,
				2F75260813E9B0150054722B /* FailedBanksListViewController.m */,
			);
			path = Classes;
			sourceTree = "<group>";
		};
		19C28FACFE9D520D11CA2CBB /* Products */ = {
			isa = PBXGroup;
			children = (
				1D6058910D05DD3D006BFB54 /* FailedBanks.app */,
			);
			name = Products;
			sourceTree = "<group>";
		};
		29B97314FDCFA39411CA2CEA /* CustomTemplate */ = {
			isa = PBXGroup;
			children = (
				080E96DDFE201D6D7F000001 /* Classes */,
				29B97315FDCFA39411CA2CEA /* Other Sources */,
				29B97317FDCFA39411CA2CEA /* Resources */,
				29B97323FDCFA39411CA2CEA /* Frameworks */,
				19C28FACFE9D520D11CA2CBB /* Products */,
			);
			name = CustomTemplate;
			sourceTree = "<group>";
		};
		29B97315FDCFA39411CA2CEA /* Other Sources */ = {
			isa = PBXGroup;
			children = (
				32CA4F630368D1EE00C91783 /* FailedBanks_Prefix.pch */,
				29B97316FDCFA39411CA2CEA /* main.m */,
			);
			name = "Other Sources";
			sourceTree = "<group>";
		};
		29B97317FDCFA39411CA2CEA /* Resources */ = {
			isa = PBXGroup;
			children = (
				2F9FECEE13FAFDC300EE6117 /* new.sqlite */,
				2F9FECB513FAF55F00EE6117 /* demoDB.sqlite3 */,
				2F9FEC2E13FAED2700EE6117 /* demoDB.sqlite */,
				2FA4BF7D13FA86EF00EA07E0 /* dbtest_20.sqlite3 */,
				2FA4BF7013FA847B00EA07E0 /* dbtest.sqlite */,
				2FA4BF6B13FA80A300EA07E0 /* testDB */,
				2F7525F913E99E2E0054722B /* banklist.sqlite3 */,
				2F75267D13E9D0520054722B /* FailedBanksDetailViewController.xib */,
				28AD733E0D9D9553002E5188 /* MainWindow.xib */,
				8D1107310486CEB800E47090 /* FailedBanks-Info.plist */,
			);
			name = Resources;
			sourceTree = "<group>";
		};
		29B97323FDCFA39411CA2CEA /* Frameworks */ = {
			isa = PBXGroup;
			children = (
				1DF5F4DF0D08C38300B7A737 /* UIKit.framework */,
				1D30AB110D05D00D00671497 /* Foundation.framework */,
				288765FC0DF74451002DB57D /* CoreGraphics.framework */,
				2F7525F713E99DC60054722B /* libsqlite3.dylib */,
			);
			name = Frameworks;
			sourceTree = "<group>";
		};
/* End PBXGroup section */

/* Begin PBXNativeTarget section */
		1D6058900D05DD3D006BFB54 /* FailedBanks */ = {
			isa = PBXNativeTarget;
			buildConfigurationList = 1D6058960D05DD3E006BFB54 /* Build configuration list for PBXNativeTarget "FailedBanks" */;
			buildPhases = (
				1D60588D0D05DD3D006BFB54 /* Resources */,
				1D60588E0D05DD3D006BFB54 /* Sources */,
				1D60588F0D05DD3D006BFB54 /* Frameworks */,
			);
			buildRules = (
			);
			dependencies = (
			);
			name = FailedBanks;
			productName = FailedBanks;
			productReference = 1D6058910D05DD3D006BFB54 /* FailedBanks.app */;
			productType = "com.apple.product-type.application";
		};
/* End PBXNativeTarget section */

/* Begin PBXProject section */
		29B97313FDCFA39411CA2CEA /* Project object */ = {
			isa = PBXProject;
			buildConfigurationList = C01FCF4E08A954540054247B /* Build configuration list for PBXProject "FailedBanks" */;
			compatibilityVersion = "Xcode 3.1";
			developmentRegion = English;
			hasScannedForEncodings = 1;
			knownRegions = (
				English,
				Japanese,
				French,
				German,
			);
			mainGroup = 29B97314FDCFA39411CA2CEA /* CustomTemplate */;
			projectDirPath = "";
			projectRoot = "";
			targets = (
				1D6058900D05DD3D006BFB54 /* FailedBanks */,
			);
		};
/* End PBXProject section */

/* Begin PBXResourcesBuildPhase section */
		1D60588D0D05DD3D006BFB54 /* Resources */ = {
			isa = PBXResourcesBuildPhase;
			buildActionMask = 2147483647;
			files = (
				28AD733F0D9D9553002E5188 /* MainWindow.xib in Resources */,
				2F7525FA13E99E2E0054722B /* banklist.sqlite3 in Resources */,
				2F75267F13E9D0520054722B /* FailedBanksDetailViewController.xib in Resources */,
				2FA4BF6C13FA80A300EA07E0 /* testDB in Resources */,
				2FA4BF7113FA847B00EA07E0 /* dbtest.sqlite in Resources */,
				2FA4BF7E13FA86EF00EA07E0 /* dbtest_20.sqlite3 in Resources */,
				2F9FEC2F13FAED2700EE6117 /* demoDB.sqlite in Resources */,
				2F9FECB613FAF55F00EE6117 /* demoDB.sqlite3 in Resources */,
				2F9FECEF13FAFDC300EE6117 /* new.sqlite in Resources */,
			);
			runOnlyForDeploymentPostprocessing = 0;
		};
/* End PBXResourcesBuildPhase section */

/* Begin PBXSourcesBuildPhase section */
		1D60588E0D05DD3D006BFB54 /* Sources */ = {
			isa = PBXSourcesBuildPhase;
			buildActionMask = 2147483647;
			files = (
				1D60589B0D05DD56006BFB54 /* main.m in Sources */,
				1D3623260D0F684500981E51 /* FailedBanksAppDelegate.m in Sources */,
				2F7525FD13E99F110054722B /* FailedBankInfo.m in Sources */,
				2F75260313E9A2B70054722B /* FailedBankDatabase.m in Sources */,
				2F75260913E9B0150054722B /* FailedBanksListViewController.m in Sources */,
			);
			runOnlyForDeploymentPostprocessing = 0;
		};
/* End PBXSourcesBuildPhase section */

/* Begin XCBuildConfiguration section */
		1D6058940D05DD3E006BFB54 /* Debug */ = {
			isa = XCBuildConfiguration;
			buildSettings = {
				ALWAYS_SEARCH_USER_PATHS = NO;
				COPY_PHASE_STRIP = NO;
				GCC_DYNAMIC_NO_PIC = NO;
				GCC_OPTIMIZATION_LEVEL = 0;
				GCC_PRECOMPILE_PREFIX_HEADER = YES;
				GCC_PREFIX_HEADER = FailedBanks_Prefix.pch;
				INFOPLIST_FILE = "FailedBanks-Info.plist";
				PRODUCT_NAME = FailedBanks;
			};
			name = Debug;
		};
		1D6058950D05DD3E006BFB54 /* Release */ = {
			isa = XCBuildConfiguration;
			buildSettings = {
				ALWAYS_SEARCH_USER_PATHS = NO;
				COPY_PHASE_STRIP = YES;
				GCC_PRECOMPILE_PREFIX_HEADER = YES;
				GCC_PREFIX_HEADER = FailedBanks_Prefix.pch;
				INFOPLIST_FILE = "FailedBanks-Info.plist";
				PRODUCT_NAME = FailedBanks;
				VALIDATE_PRODUCT = YES;
			};
			name = Release;
		};
		C01FCF4F08A954540054247B /* Debug */ = {
			isa = XCBuildConfiguration;
			buildSettings = {
				ARCHS = "$(ARCHS_STANDARD_32_BIT)";
				"CODE_SIGN_IDENTITY[sdk=iphoneos*]" = "iPhone Developer";
				GCC_C_LANGUAGE_STANDARD = c99;
				GCC_WARN_ABOUT_RETURN_TYPE = YES;
				GCC_WARN_UNUSED_VARIABLE = YES;
				PREBINDING = NO;
				SDKROOT = iphoneos;
			};
			name = Debug;
		};
		C01FCF5008A954540054247B /* Release */ = {
			isa = XCBuildConfiguration;
			buildSettings = {
				ARCHS = "$(ARCHS_STANDARD_32_BIT)";
				"CODE_SIGN_IDENTITY[sdk=iphoneos*]" = "iPhone Developer";
				GCC_C_LANGUAGE_STANDARD = c99;
				GCC_WARN_ABOUT_RETURN_TYPE = YES;
				GCC_WARN_UNUSED_VARIABLE = YES;
				OTHER_CFLAGS = "-DNS_BLOCK_ASSERTIONS=1";
				PREBINDING = NO;
				SDKROOT = iphoneos;
			};
			name = Release;
		};
/* End XCBuildConfiguration section */

/* Begin XCConfigurationList section */
		1D6058960D05DD3E006BFB54 /* Build configuration list for PBXNativeTarget "FailedBanks" */ = {
			isa = XCConfigurationList;
			buildConfigurations = (
				1D6058940D05DD3E006BFB54 /* Debug */,
				1D6058950D05DD3E006BFB54 /* Release */,
			);
			defaultConfigurationIsVisible = 0;
			defaultConfigurationName = Release;
		};
		C01FCF4E08A954540054247B /* Build configuration list for PBXProject "FailedBanks" */ = {
			isa = XCConfigurationList;
			buildConfigurations = (
				C01FCF4F08A954540054247B /* Debug */,
				C01FCF5008A954540054247B /* Release */,
			);
			defaultConfigurationIsVisible = 0;
			defaultConfigurationName = Release;
		};
/* End XCConfigurationList section */
	};
	rootObject = 29B97313FDCFA39411CA2CEA /* Project object */;
}
